
Microsoft Visual Studio Solution File, Format Version 12.00
# Visual Studio Version 17
VisualStudioVersion = 17.0.31903.59
MinimumVisualStudioVersion = 10.0.40219.1
Project("{FAE04EC0-301F-11D3-BF4B-00C04F79EFBC}") = "Parentheses", "Parentheses\Parentheses.csproj", "{35A269F9-BE30-4958-B3AE-D0704A04097A}"
EndProject
Project("{FAE04EC0-301F-11D3-BF4B-00C04F79EFBC}") = "Parentheses.Tests", "Parentheses.Tests\Parentheses.Tests.csproj", "{43B086F9-78E8-4B0B-BD95-7BE7FA95697E}"
EndProject
Global
	GlobalSection(SolutionConfigurationPlatforms) = preSolution
		Debug|Any CPU = Debug|Any CPU
		Release|Any CPU = Release|Any CPU
	EndGlobalSection
	GlobalSection(SolutionProperties) = preSolution
		HideSolutionNode = FALSE
	EndGlobalSection
	GlobalSection(ProjectConfigurationPlatforms) = postSolution
		{35A269F9-BE30-4958-B3AE-D0704A04097A}.Debug|Any CPU.ActiveCfg = Debug|Any CPU
		{35A269F9-BE30-4958-B3AE-D0704A04097A}.Debug|Any CPU.Build.0 = Debug|Any CPU
		{35A269F9-BE30-4958-B3AE-D0704A04097A}.Release|Any CPU.ActiveCfg = Release|Any CPU
		{35A269F9-BE30-4958-B3AE-D0704A04097A}.Release|Any CPU.Build.0 = Release|Any CPU
		{43B086F9-78E8-4B0B-BD95-7BE7FA95697E}.Debug|Any CPU.ActiveCfg = Debug|Any CPU
		{43B086F9-78E8-4B0B-BD95-7BE7FA95697E}.Debug|Any CPU.Build.0 = Debug|Any CPU
		{43B086F9-78E8-4B0B-BD95-7BE7FA95697E}.Release|Any CPU.ActiveCfg = Release|Any CPU
		{43B086F9-78E8-4B0B-BD95-7BE7FA95697E}.Release|Any CPU.Build.0 = Release|Any CPU
	EndGlobalSection
EndGlobal
